
Microsoft Visual Studio Solution File, Format Version 12.00
# Visual Studio Version 17
VisualStudioVersion = 17.8.34511.84
MinimumVisualStudioVersion = 10.0.40219.1
Project("{FAE04EC0-301F-11D3-BF4B-00C04F79EFBC}") = "UnixTimeConverter", "UnixTimeConverter\UnixTimeConverter.csproj", "{2D3F20C4-5D27-4285-8200-2089447ADEB4}"
EndProject
Global
	GlobalSection(SolutionConfigurationPlatforms) = preSolution
		Debug|Any CPU = Debug|Any CPU
		Release|Any CPU = Release|Any CPU
	EndGlobalSection
	GlobalSection(ProjectConfigurationPlatforms) = postSolution
		{2D3F20C4-5D27-4285-8200-2089447ADEB4}.Debug|Any CPU.ActiveCfg = Debug|Any CPU
		{2D3F20C4-5D27-4285-8200-2089447ADEB4}.Debug|Any CPU.Build.0 = Debug|Any CPU
		{2D3F20C4-5D27-4285-8200-2089447ADEB4}.Release|Any CPU.ActiveCfg = Release|Any CPU
		{2D3F20C4-5D27-4285-8200-2089447ADEB4}.Release|Any CPU.Build.0 = Release|Any CPU
	EndGlobalSection
	GlobalSection(SolutionProperties) = preSolution
		HideSolutionNode = FALSE
	EndGlobalSection
	GlobalSection(ExtensibilityGlobals) = postSolution
		SolutionGuid = {98795E9A-7D68-4D2E-9F1F-E2526A14AF9A}
	EndGlobalSection
EndGlobal
