
Microsoft Visual Studio Solution File, Format Version 12.00
# Visual Studio Version 17
VisualStudioVersion = 17.8.34511.84
MinimumVisualStudioVersion = 10.0.40219.1
Project("{FAE04EC0-301F-11D3-BF4B-00C04F79EFBC}") = "TEST_CAN", "TEST_CAN\TEST_CAN.csproj", "{E153E1AD-53B4-4489-8D23-75F511C7D141}"
EndProject
Global
	GlobalSection(SolutionConfigurationPlatforms) = preSolution
		Debug|Any CPU = Debug|Any CPU
		Release|Any CPU = Release|Any CPU
	EndGlobalSection
	GlobalSection(ProjectConfigurationPlatforms) = postSolution
		{E153E1AD-53B4-4489-8D23-75F511C7D141}.Debug|Any CPU.ActiveCfg = Debug|Any CPU
		{E153E1AD-53B4-4489-8D23-75F511C7D141}.Debug|Any CPU.Build.0 = Debug|Any CPU
		{E153E1AD-53B4-4489-8D23-75F511C7D141}.Release|Any CPU.ActiveCfg = Release|Any CPU
		{E153E1AD-53B4-4489-8D23-75F511C7D141}.Release|Any CPU.Build.0 = Release|Any CPU
	EndGlobalSection
	GlobalSection(SolutionProperties) = preSolution
		HideSolutionNode = FALSE
	EndGlobalSection
	GlobalSection(ExtensibilityGlobals) = postSolution
		SolutionGuid = {C95D33EC-7CC2-4821-B960-9A2617F823DD}
	EndGlobalSection
EndGlobal
