
Microsoft Visual Studio Solution File, Format Version 12.00
# Visual Studio Version 17
VisualStudioVersion = 17.8.34511.84
MinimumVisualStudioVersion = 10.0.40219.1
Project("{FAE04EC0-301F-11D3-BF4B-00C04F79EFBC}") = "crc", "crc\crc.csproj", "{215BA5D9-E59A-4B10-BD61-14F2F6CD8E9C}"
EndProject
Global
	GlobalSection(SolutionConfigurationPlatforms) = preSolution
		Debug|Any CPU = Debug|Any CPU
		Release|Any CPU = Release|Any CPU
	EndGlobalSection
	GlobalSection(ProjectConfigurationPlatforms) = postSolution
		{215BA5D9-E59A-4B10-BD61-14F2F6CD8E9C}.Debug|Any CPU.ActiveCfg = Debug|Any CPU
		{215BA5D9-E59A-4B10-BD61-14F2F6CD8E9C}.Debug|Any CPU.Build.0 = Debug|Any CPU
		{215BA5D9-E59A-4B10-BD61-14F2F6CD8E9C}.Release|Any CPU.ActiveCfg = Release|Any CPU
		{215BA5D9-E59A-4B10-BD61-14F2F6CD8E9C}.Release|Any CPU.Build.0 = Release|Any CPU
	EndGlobalSection
	GlobalSection(SolutionProperties) = preSolution
		HideSolutionNode = FALSE
	EndGlobalSection
	GlobalSection(ExtensibilityGlobals) = postSolution
		SolutionGuid = {EE3D5761-0D03-4D69-99F2-160BFFA40FC9}
	EndGlobalSection
EndGlobal
